
Microsoft Visual Studio Solution File, Format Version 12.00
# Visual Studio Version 16
VisualStudioVersion = 16.0.34601.136
MinimumVisualStudioVersion = 10.0.40219.1
Project("{FAE04EC0-301F-11D3-BF4B-00C04F79EFBC}") = "store procedure 9-9-2024", "store procedure 9-9-2024\store procedure 9-9-2024.csproj", "{315DA5D7-47D2-4624-A7EE-D316627C7CDF}"
EndProject
Global
	GlobalSection(SolutionConfigurationPlatforms) = preSolution
		Debug|Any CPU = Debug|Any CPU
		Release|Any CPU = Release|Any CPU
	EndGlobalSection
	GlobalSection(ProjectConfigurationPlatforms) = postSolution
		{315DA5D7-47D2-4624-A7EE-D316627C7CDF}.Debug|Any CPU.ActiveCfg = Debug|Any CPU
		{315DA5D7-47D2-4624-A7EE-D316627C7CDF}.Debug|Any CPU.Build.0 = Debug|Any CPU
		{315DA5D7-47D2-4624-A7EE-D316627C7CDF}.Release|Any CPU.ActiveCfg = Release|Any CPU
		{315DA5D7-47D2-4624-A7EE-D316627C7CDF}.Release|Any CPU.Build.0 = Release|Any CPU
	EndGlobalSection
	GlobalSection(SolutionProperties) = preSolution
		HideSolutionNode = FALSE
	EndGlobalSection
	GlobalSection(ExtensibilityGlobals) = postSolution
		SolutionGuid = {DB87F793-6D19-4F49-AA40-8A8AEFB4C960}
	EndGlobalSection
EndGlobal
